// !$*UTF8*$!
{
	archiveVersion = 1;
	classes = {
	};
	objectVersion = 77;
	objects = {

/* Begin PBXBuildFile section */
		A0000000000000000000B001 /* AmpouleCore in Frameworks */ = {isa = PBXBuildFile; productRef = A0000000000000000000D001 /* AmpouleCore */; };
		A0000000000000000000B002 /* AmpouleVZ in Frameworks */ = {isa = PBXBuildFile; productRef = A0000000000000000000D002 /* AmpouleVZ */; };
		A0000000000000000000B003 /* AmpouleAppModel in Frameworks */ = {isa = PBXBuildFile; productRef = A0000000000000000000D003 /* AmpouleAppModel */; };
/* End PBXBuildFile section */

/* Begin PBXFileReference section */
		A0000000000000000000F001 /* Ampoule.app */ = {isa = PBXFileReference; explicitFileType = wrapper.application; includeInIndex = 0; path = Ampoule.app; sourceTree = BUILT_PRODUCTS_DIR; };
/* End PBXFileReference section */

/* Begin PBXFileSystemSynchronizedRootGroup section */
		A00000000000000000001001 /* App */ = {isa = PBXFileSystemSynchronizedRootGroup; path = App; sourceTree = "<group>"; };
/* End PBXFileSystemSynchronizedRootGroup section */

/* Begin PBXFrameworksBuildPhase section */
		A00000000000000000002002 /* Frameworks */ = {
			isa = PBXFrameworksBuildPhase;
			buildActionMask = 2147483647;
			files = (
				A0000000000000000000B001 /* AmpouleCore in Frameworks */,
				A0000000000000000000B002 /* AmpouleVZ in Frameworks */,
				A0000000000000000000B003 /* AmpouleAppModel in Frameworks */,
			);
			runOnlyForDeploymentPostprocessing = 0;
		};
/* End PBXFrameworksBuildPhase section */

/* Begin PBXGroup section */
		A00000000000000000001000 = {
			isa = PBXGroup;
			children = (
				A00000000000000000001001 /* App */,
				A00000000000000000001002 /* Products */,
			);
			sourceTree = "<group>";
		};
		A00000000000000000001002 /* Products */ = {
			isa = PBXGroup;
			children = (
				A0000000000000000000F001 /* Ampoule.app */,
			);
			name = Products;
			sourceTree = "<group>";
		};
/* End PBXGroup section */

/* Begin PBXNativeTarget section */
		A00000000000000000003001 /* Ampoule */ = {
			isa = PBXNativeTarget;
			buildConfigurationList = A00000000000000000005002 /* Build configuration list for PBXNativeTarget "Ampoule" */;
			buildPhases = (
				A00000000000000000002001 /* Sources */,
				A00000000000000000002002 /* Frameworks */,
				A00000000000000000002003 /* Resources */,
			);
			buildRules = (
			);
			dependencies = (
			);
			fileSystemSynchronizedGroups = (
				A00000000000000000001001 /* App */,
			);
			name = Ampoule;
			packageProductDependencies = (
				A0000000000000000000D001 /* AmpouleCore */,
				A0000000000000000000D002 /* AmpouleVZ */,
				A0000000000000000000D003 /* AmpouleAppModel */,
			);
			productName = Ampoule;
			productReference = A0000000000000000000F001 /* Ampoule.app */;
			productType = "com.apple.product-type.application";
		};
/* End PBXNativeTarget section */

/* Begin PBXProject section */
		A00000000000000000004001 /* Project object */ = {
			isa = PBXProject;
			attributes = {
				BuildIndependentTargetsInParallel = 1;
				LastSwiftUpdateCheck = 2700;
				LastUpgradeCheck = 2700;
			};
			buildConfigurationList = A00000000000000000005001 /* Build configuration list for PBXProject "Ampoule" */;
			developmentRegion = en;
			hasScannedForEncodings = 0;
			knownRegions = (
				en,
				Base,
			);
			mainGroup = A00000000000000000001000;
			minimizedProjectReferenceProxies = 1;
			packageReferences = (
				A00000000000000000006001 /* XCLocalSwiftPackageReference "." */,
			);
			preferredProjectObjectVersion = 77;
			productRefGroup = A00000000000000000001002 /* Products */;
			projectDirPath = "";
			projectRoot = "";
			targets = (
				A00000000000000000003001 /* Ampoule */,
			);
		};
/* End PBXProject section */

/* Begin PBXResourcesBuildPhase section */
		A00000000000000000002003 /* Resources */ = {
			isa = PBXResourcesBuildPhase;
			buildActionMask = 2147483647;
			files = (
			);
			runOnlyForDeploymentPostprocessing = 0;
		};
/* End PBXResourcesBuildPhase section */

/* Begin PBXSourcesBuildPhase section */
		A00000000000000000002001 /* Sources */ = {
			isa = PBXSourcesBuildPhase;
			buildActionMask = 2147483647;
			files = (
			);
			runOnlyForDeploymentPostprocessing = 0;
		};
/* End PBXSourcesBuildPhase section */

/* Begin XCBuildConfiguration section */
		A0000000000000000000C001 /* Debug */ = {
			isa = XCBuildConfiguration;
			buildSettings = {
				ALWAYS_SEARCH_USER_PATHS = NO;
				CLANG_ENABLE_MODULES = YES;
				COPY_PHASE_STRIP = NO;
				DEBUG_INFORMATION_FORMAT = dwarf;
				ENABLE_TESTABILITY = YES;
				GCC_OPTIMIZATION_LEVEL = 0;
				MACOSX_DEPLOYMENT_TARGET = 26.0;
				ONLY_ACTIVE_ARCH = YES;
				SDKROOT = macosx;
				SWIFT_ACTIVE_COMPILATION_CONDITIONS = "DEBUG $(inherited)";
				SWIFT_OPTIMIZATION_LEVEL = "-Onone";
			};
			name = Debug;
		};
		A0000000000000000000C002 /* Release */ = {
			isa = XCBuildConfiguration;
			buildSettings = {
				ALWAYS_SEARCH_USER_PATHS = NO;
				CLANG_ENABLE_MODULES = YES;
				COPY_PHASE_STRIP = NO;
				DEBUG_INFORMATION_FORMAT = "dwarf-with-dsym";
				MACOSX_DEPLOYMENT_TARGET = 26.0;
				SDKROOT = macosx;
				SWIFT_COMPILATION_MODE = wholemodule;
			};
			name = Release;
		};
		A0000000000000000000C003 /* Debug */ = {
			isa = XCBuildConfiguration;
			buildSettings = {
				ARCHS = arm64;
				CODE_SIGN_ENTITLEMENTS = App/Ampoule.entitlements;
				CODE_SIGN_IDENTITY = "-";
				CODE_SIGN_STYLE = Manual;
				COMBINE_HIDPI_IMAGES = YES;
				CURRENT_PROJECT_VERSION = 1;
				ENABLE_HARDENED_RUNTIME = YES;
				GENERATE_INFOPLIST_FILE = YES;
				INFOPLIST_KEY_CFBundleDisplayName = Ampoule;
				INFOPLIST_KEY_LSApplicationCategoryType = "public.app-category.developer-tools";
				MARKETING_VERSION = 0.0.1;
				PRODUCT_BUNDLE_IDENTIFIER = "io.github.mark1212-png.Ampoule";
				PRODUCT_NAME = "$(TARGET_NAME)";
				SWIFT_VERSION = 6.0;
			};
			name = Debug;
		};
		A0000000000000000000C004 /* Release */ = {
			isa = XCBuildConfiguration;
			buildSettings = {
				ARCHS = arm64;
				CODE_SIGN_ENTITLEMENTS = App/Ampoule.entitlements;
				CODE_SIGN_IDENTITY = "-";
				CODE_SIGN_STYLE = Manual;
				COMBINE_HIDPI_IMAGES = YES;
				CURRENT_PROJECT_VERSION = 1;
				ENABLE_HARDENED_RUNTIME = YES;
				GENERATE_INFOPLIST_FILE = YES;
				INFOPLIST_KEY_CFBundleDisplayName = Ampoule;
				INFOPLIST_KEY_LSApplicationCategoryType = "public.app-category.developer-tools";
				MARKETING_VERSION = 0.0.1;
				PRODUCT_BUNDLE_IDENTIFIER = "io.github.mark1212-png.Ampoule";
				PRODUCT_NAME = "$(TARGET_NAME)";
				SWIFT_VERSION = 6.0;
			};
			name = Release;
		};
/* End XCBuildConfiguration section */

/* Begin XCConfigurationList section */
		A00000000000000000005001 /* Build configuration list for PBXProject "Ampoule" */ = {
			isa = XCConfigurationList;
			buildConfigurations = (
				A0000000000000000000C001 /* Debug */,
				A0000000000000000000C002 /* Release */,
			);
			defaultConfigurationIsVisible = 0;
			defaultConfigurationName = Release;
		};
		A00000000000000000005002 /* Build configuration list for PBXNativeTarget "Ampoule" */ = {
			isa = XCConfigurationList;
			buildConfigurations = (
				A0000000000000000000C003 /* Debug */,
				A0000000000000000000C004 /* Release */,
			);
			defaultConfigurationIsVisible = 0;
			defaultConfigurationName = Release;
		};
/* End XCConfigurationList section */

/* Begin XCLocalSwiftPackageReference section */
		A00000000000000000006001 /* XCLocalSwiftPackageReference "." */ = {
			isa = XCLocalSwiftPackageReference;
			relativePath = .;
		};
/* End XCLocalSwiftPackageReference section */

/* Begin XCSwiftPackageProductDependency section */
		A0000000000000000000D001 /* AmpouleCore */ = {
			isa = XCSwiftPackageProductDependency;
			productName = AmpouleCore;
		};
		A0000000000000000000D002 /* AmpouleVZ */ = {
			isa = XCSwiftPackageProductDependency;
			productName = AmpouleVZ;
		};
		A0000000000000000000D003 /* AmpouleAppModel */ = {
			isa = XCSwiftPackageProductDependency;
			productName = AmpouleAppModel;
		};
/* End XCSwiftPackageProductDependency section */
	};
	rootObject = A00000000000000000004001 /* Project object */;
}
